// !$*UTF8*$!
{
	archiveVersion = 1;
	classes = {
	};
	objectVersion = 46;
	objects = {

/* Begin PBXBuildFile section */
		A0318FDB1CC48FD900F2EFE7 /* playButton1.PNG in Resources */ = {isa = PBXBuildFile; fileRef = A0318FDA1CC48FD900F2EFE7 /* playButton1.PNG */; };
		A0318FE61CC49C3F00F2EFE7 /* replaybutton2.png in Resources */ = {isa = PBXBuildFile; fileRef = A0318FE41CC49C3F00F2EFE7 /* replaybutton2.png */; };
		A0318FE71CC49C3F00F2EFE7 /* menubutton.png in Resources */ = {isa = PBXBuildFile; fileRef = A0318FE51CC49C3F00F2EFE7 /* menubutton.png */; };
		A0318FE91CC5B8FD00F2EFE7 /* menubutton2.png in Resources */ = {isa = PBXBuildFile; fileRef = A0318FE81CC5B8FD00F2EFE7 /* menubutton2.png */; };
		A0318FED1CC5D99900F2EFE7 /* background.png in Resources */ = {isa = PBXBuildFile; fileRef = A0318FEA1CC5D99900F2EFE7 /* background.png */; };
		A0318FEE1CC5D99900F2EFE7 /* trumpstanding1.png in Resources */ = {isa = PBXBuildFile; fileRef = A0318FEB1CC5D99900F2EFE7 /* trumpstanding1.png */; };
		A0318FEF1CC5D99900F2EFE7 /* trumprunning1.png in Resources */ = {isa = PBXBuildFile; fileRef = A0318FEC1CC5D99900F2EFE7 /* trumprunning1.png */; };
		A03190131CCAF19C00F2EFE7 /* GoogleMobileAds.framework in Frameworks */ = {isa = PBXBuildFile; fileRef = A03190121CCAF19C00F2EFE7 /* GoogleMobileAds.framework */; };
		A03190151CCBEC0F00F2EFE7 /* mainScreen1.png in Resources */ = {isa = PBXBuildFile; fileRef = A03190141CCBEC0F00F2EFE7 /* mainScreen1.png */; };
		A03190191CCC052F00F2EFE7 /* questionred.png in Resources */ = {isa = PBXBuildFile; fileRef = A03190161CCC052F00F2EFE7 /* questionred.png */; };
		A031901A1CCC052F00F2EFE7 /* leftred.png in Resources */ = {isa = PBXBuildFile; fileRef = A03190171CCC052F00F2EFE7 /* leftred.png */; };
		A031901B1CCC052F00F2EFE7 /* rightred.png in Resources */ = {isa = PBXBuildFile; fileRef = A03190181CCC052F00F2EFE7 /* rightred.png */; };
		A031901F1CCC071E00F2EFE7 /* instructionalpage.png in Resources */ = {isa = PBXBuildFile; fileRef = A031901E1CCC071E00F2EFE7 /* instructionalpage.png */; };
		A03190211CCC0C2700F2EFE7 /* HowToScene.swift in Sources */ = {isa = PBXBuildFile; fileRef = A03190201CCC0C2700F2EFE7 /* HowToScene.swift */; };
		A03190231CD194A900F2EFE7 /* return.png in Resources */ = {isa = PBXBuildFile; fileRef = A03190221CD194A900F2EFE7 /* return.png */; };
		A03190281CD2B94E00F2EFE7 /* This is Hillary Clinton.mp3 in Resources */ = {isa = PBXBuildFile; fileRef = A03190241CD2B94E00F2EFE7 /* This is Hillary Clinton.mp3 */; };
		A03190291CD2B94E00F2EFE7 /* Im exhausted.mp3 in Resources */ = {isa = PBXBuildFile; fileRef = A03190251CD2B94E00F2EFE7 /* Im exhausted.mp3 */; };
		A031902A1CD2B94E00F2EFE7 /* And I thank all of you.mp3 in Resources */ = {isa = PBXBuildFile; fileRef = A03190261CD2B94E00F2EFE7 /* And I thank all of you.mp3 */; };
		A031902B1CD2B94E00F2EFE7 /* Every American gets a cup cake.mp3 in Resources */ = {isa = PBXBuildFile; fileRef = A03190271CD2B94E00F2EFE7 /* Every American gets a cup cake.mp3 */; };
		A031902E1CD2C72100F2EFE7 /* Retro Comedy.mp3 in Resources */ = {isa = PBXBuildFile; fileRef = A031902D1CD2C72100F2EFE7 /* Retro Comedy.mp3 */; };
		A03190351CD5202700F2EFE7 /* get_out_of_here2.mp3 in Resources */ = {isa = PBXBuildFile; fileRef = A031902F1CD5202700F2EFE7 /* get_out_of_here2.mp3 */; };
		A03190361CD5202700F2EFE7 /* we_want_deal!2.mp3 in Resources */ = {isa = PBXBuildFile; fileRef = A03190301CD5202700F2EFE7 /* we_want_deal!2.mp3 */; };
		A03190371CD5202700F2EFE7 /* Im_really_rich2.mp3 in Resources */ = {isa = PBXBuildFile; fileRef = A03190311CD5202700F2EFE7 /* Im_really_rich2.mp3 */; };
		A03190381CD5202700F2EFE7 /* were_going_to_make_america_great2.mp3 in Resources */ = {isa = PBXBuildFile; fileRef = A03190321CD5202700F2EFE7 /* were_going_to_make_america_great2.mp3 */; };
		A03190391CD5202700F2EFE7 /* Okay2.mp3 in Resources */ = {isa = PBXBuildFile; fileRef = A03190331CD5202700F2EFE7 /* Okay2.mp3 */; };
		A031903A1CD5202700F2EFE7 /* Thank_you_darling2.mp3 in Resources */ = {isa = PBXBuildFile; fileRef = A03190341CD5202700F2EFE7 /* Thank_you_darling2.mp3 */; };
		A04F56C41CC47744002CF511 /* MenuScene.swift in Sources */ = {isa = PBXBuildFile; fileRef = A04F56C31CC47744002CF511 /* MenuScene.swift */; };
		A04F56C61CC477EB002CF511 /* mainScreen.png in Resources */ = {isa = PBXBuildFile; fileRef = A04F56C51CC477EB002CF511 /* mainScreen.png */; };
		A06B14D11CBE142F0081F077 /* AppDelegate.swift in Sources */ = {isa = PBXBuildFile; fileRef = A06B14D01CBE142F0081F077 /* AppDelegate.swift */; };
		A06B14D31CBE142F0081F077 /* GameScene.sks in Resources */ = {isa = PBXBuildFile; fileRef = A06B14D21CBE142F0081F077 /* GameScene.sks */; };
		A06B14D51CBE142F0081F077 /* GameScene.swift in Sources */ = {isa = PBXBuildFile; fileRef = A06B14D41CBE142F0081F077 /* GameScene.swift */; };
		A06B14D71CBE142F0081F077 /* GameViewController.swift in Sources */ = {isa = PBXBuildFile; fileRef = A06B14D61CBE142F0081F077 /* GameViewController.swift */; };
		A06B14DA1CBE142F0081F077 /* Main.storyboard in Resources */ = {isa = PBXBuildFile; fileRef = A06B14D81CBE142F0081F077 /* Main.storyboard */; };
		A06B14DC1CBE142F0081F077 /* Assets.xcassets in Resources */ = {isa = PBXBuildFile; fileRef = A06B14DB1CBE142F0081F077 /* Assets.xcassets */; };
		A06B14DF1CBE142F0081F077 /* LaunchScreen.storyboard in Resources */ = {isa = PBXBuildFile; fileRef = A06B14DD1CBE142F0081F077 /* LaunchScreen.storyboard */; };
		A06B14EA1CBE14300081F077 /* Trump_HoleTests.swift in Sources */ = {isa = PBXBuildFile; fileRef = A06B14E91CBE14300081F077 /* Trump_HoleTests.swift */; };
		A06B14F51CBE14300081F077 /* Trump_HoleUITests.swift in Sources */ = {isa = PBXBuildFile; fileRef = A06B14F41CBE14300081F077 /* Trump_HoleUITests.swift */; };
		A06B15051CBE178D0081F077 /* bringground.png in Resources */ = {isa = PBXBuildFile; fileRef = A06B15041CBE178D0081F077 /* bringground.png */; };
		A06B15081CBE17BB0081F077 /* bringground1.png in Resources */ = {isa = PBXBuildFile; fileRef = A06B15061CBE17BB0081F077 /* bringground1.png */; };
		A06B15091CBE17BB0081F077 /* bringgroundstart.png in Resources */ = {isa = PBXBuildFile; fileRef = A06B15071CBE17BB0081F077 /* bringgroundstart.png */; };
		A06B15151CBF42230081F077 /* whitehouse.png in Resources */ = {isa = PBXBuildFile; fileRef = A06B15111CBF42230081F077 /* whitehouse.png */; };
		A06B151B1CC42B8D0081F077 /* hilaryopenmouth1.png in Resources */ = {isa = PBXBuildFile; fileRef = A06B15191CC42B8D0081F077 /* hilaryopenmouth1.png */; };
		A06B151D1CC430730081F077 /* vote2.png in Resources */ = {isa = PBXBuildFile; fileRef = A06B151C1CC430730081F077 /* vote2.png */; };
/* End PBXBuildFile section */

/* Begin PBXContainerItemProxy section */
		A06B14E61CBE14300081F077 /* PBXContainerItemProxy */ = {
			isa = PBXContainerItemProxy;
			containerPortal = A06B14C51CBE142F0081F077 /* Project object */;
			proxyType = 1;
			remoteGlobalIDString = A06B14CC1CBE142F0081F077;
			remoteInfo = "Trump Hole";
		};
		A06B14F11CBE14300081F077 /* PBXContainerItemProxy */ = {
			isa = PBXContainerItemProxy;
			containerPortal = A06B14C51CBE142F0081F077 /* Project object */;
			proxyType = 1;
			remoteGlobalIDString = A06B14CC1CBE142F0081F077;
			remoteInfo = "Trump Hole";
		};
/* End PBXContainerItemProxy section */

/* Begin PBXFileReference section */
		A0318FDA1CC48FD900F2EFE7 /* playButton1.PNG */ = {isa = PBXFileReference; lastKnownFileType = image.png; path = playButton1.PNG; sourceTree = "<group>"; };
		A0318FE41CC49C3F00F2EFE7 /* replaybutton2.png */ = {isa = PBXFileReference; lastKnownFileType = image.png; path = replaybutton2.png; sourceTree = "<group>"; };
		A0318FE51CC49C3F00F2EFE7 /* menubutton.png */ = {isa = PBXFileReference; lastKnownFileType = image.png; path = menubutton.png; sourceTree = "<group>"; };
		A0318FE81CC5B8FD00F2EFE7 /* menubutton2.png */ = {isa = PBXFileReference; lastKnownFileType = image.png; path = menubutton2.png; sourceTree = "<group>"; };
		A0318FEA1CC5D99900F2EFE7 /* background.png */ = {isa = PBXFileReference; lastKnownFileType = image.png; path = background.png; sourceTree = "<group>"; };
		A0318FEB1CC5D99900F2EFE7 /* trumpstanding1.png */ = {isa = PBXFileReference; lastKnownFileType = image.png; path = trumpstanding1.png; sourceTree = "<group>"; };
		A0318FEC1CC5D99900F2EFE7 /* trumprunning1.png */ = {isa = PBXFileReference; lastKnownFileType = image.png; path = trumprunning1.png; sourceTree = "<group>"; };
		A03190121CCAF19C00F2EFE7 /* GoogleMobileAds.framework */ = {isa = PBXFileReference; lastKnownFileType = wrapper.framework; path = GoogleMobileAds.framework; sourceTree = "<group>"; };
		A03190141CCBEC0F00F2EFE7 /* mainScreen1.png */ = {isa = PBXFileReference; lastKnownFileType = image.png; path = mainScreen1.png; sourceTree = "<group>"; };
		A03190161CCC052F00F2EFE7 /* questionred.png */ = {isa = PBXFileReference; lastKnownFileType = image.png; path = questionred.png; sourceTree = "<group>"; };
		A03190171CCC052F00F2EFE7 /* leftred.png */ = {isa = PBXFileReference; lastKnownFileType = image.png; path = leftred.png; sourceTree = "<group>"; };
		A03190181CCC052F00F2EFE7 /* rightred.png */ = {isa = PBXFileReference; lastKnownFileType = image.png; path = rightred.png; sourceTree = "<group>"; };
		A031901E1CCC071E00F2EFE7 /* instructionalpage.png */ = {isa = PBXFileReference; lastKnownFileType = image.png; path = instructionalpage.png; sourceTree = "<group>"; };
		A03190201CCC0C2700F2EFE7 /* HowToScene.swift */ = {isa = PBXFileReference; fileEncoding = 4; lastKnownFileType = sourcecode.swift; path = HowToScene.swift; sourceTree = "<group>"; };
		A03190221CD194A900F2EFE7 /* return.png */ = {isa = PBXFileReference; lastKnownFileType = image.png; path = return.png; sourceTree = "<group>"; };
		A03190241CD2B94E00F2EFE7 /* This is Hillary Clinton.mp3 */ = {isa = PBXFileReference; lastKnownFileType = audio.mp3; path = "This is Hillary Clinton.mp3"; sourceTree = "<group>"; };
		A03190251CD2B94E00F2EFE7 /* Im exhausted.mp3 */ = {isa = PBXFileReference; lastKnownFileType = audio.mp3; path = "Im exhausted.mp3"; sourceTree = "<group>"; };
		A03190261CD2B94E00F2EFE7 /* And I thank all of you.mp3 */ = {isa = PBXFileReference; lastKnownFileType = audio.mp3; path = "And I thank all of you.mp3"; sourceTree = "<group>"; };
		A03190271CD2B94E00F2EFE7 /* Every American gets a cup cake.mp3 */ = {isa = PBXFileReference; lastKnownFileType = audio.mp3; path = "Every American gets a cup cake.mp3"; sourceTree = "<group>"; };
		A031902D1CD2C72100F2EFE7 /* Retro Comedy.mp3 */ = {isa = PBXFileReference; lastKnownFileType = audio.mp3; path = "Retro Comedy.mp3"; sourceTree = "<group>"; };
		A031902F1CD5202700F2EFE7 /* get_out_of_here2.mp3 */ = {isa = PBXFileReference; lastKnownFileType = audio.mp3; path = get_out_of_here2.mp3; sourceTree = "<group>"; };
		A03190301CD5202700F2EFE7 /* we_want_deal!2.mp3 */ = {isa = PBXFileReference; lastKnownFileType = audio.mp3; path = "we_want_deal!2.mp3"; sourceTree = "<group>"; };
		A03190311CD5202700F2EFE7 /* Im_really_rich2.mp3 */ = {isa = PBXFileReference; lastKnownFileType = audio.mp3; path = Im_really_rich2.mp3; sourceTree = "<group>"; };
		A03190321CD5202700F2EFE7 /* were_going_to_make_america_great2.mp3 */ = {isa = PBXFileReference; lastKnownFileType = audio.mp3; path = were_going_to_make_america_great2.mp3; sourceTree = "<group>"; };
		A03190331CD5202700F2EFE7 /* Okay2.mp3 */ = {isa = PBXFileReference; lastKnownFileType = audio.mp3; path = Okay2.mp3; sourceTree = "<group>"; };
		A03190341CD5202700F2EFE7 /* Thank_you_darling2.mp3 */ = {isa = PBXFileReference; lastKnownFileType = audio.mp3; path = Thank_you_darling2.mp3; sourceTree = "<group>"; };
		A04F56C31CC47744002CF511 /* MenuScene.swift */ = {isa = PBXFileReference; fileEncoding = 4; lastKnownFileType = sourcecode.swift; path = MenuScene.swift; sourceTree = "<group>"; };
		A04F56C51CC477EB002CF511 /* mainScreen.png */ = {isa = PBXFileReference; lastKnownFileType = image.png; path = mainScreen.png; sourceTree = "<group>"; };
		A06B14CD1CBE142F0081F077 /* Trump Hole.app */ = {isa = PBXFileReference; explicitFileType = wrapper.application; includeInIndex = 0; path = "Trump Hole.app"; sourceTree = BUILT_PRODUCTS_DIR; };
		A06B14D01CBE142F0081F077 /* AppDelegate.swift */ = {isa = PBXFileReference; lastKnownFileType = sourcecode.swift; path = AppDelegate.swift; sourceTree = "<group>"; };
		A06B14D21CBE142F0081F077 /* GameScene.sks */ = {isa = PBXFileReference; lastKnownFileType = file.sks; path = GameScene.sks; sourceTree = "<group>"; };
		A06B14D41CBE142F0081F077 /* GameScene.swift */ = {isa = PBXFileReference; lastKnownFileType = sourcecode.swift; path = GameScene.swift; sourceTree = "<group>"; };
		A06B14D61CBE142F0081F077 /* GameViewController.swift */ = {isa = PBXFileReference; lastKnownFileType = sourcecode.swift; path = GameViewController.swift; sourceTree = "<group>"; };
		A06B14D91CBE142F0081F077 /* Base */ = {isa = PBXFileReference; lastKnownFileType = file.storyboard; name = Base; path = Base.lproj/Main.storyboard; sourceTree = "<group>"; };
		A06B14DB1CBE142F0081F077 /* Assets.xcassets */ = {isa = PBXFileReference; lastKnownFileType = folder.assetcatalog; path = Assets.xcassets; sourceTree = "<group>"; };
		A06B14DE1CBE142F0081F077 /* Base */ = {isa = PBXFileReference; lastKnownFileType = file.storyboard; name = Base; path = Base.lproj/LaunchScreen.storyboard; sourceTree = "<group>"; };
		A06B14E01CBE142F0081F077 /* Info.plist */ = {isa = PBXFileReference; lastKnownFileType = text.plist.xml; path = Info.plist; sourceTree = "<group>"; };
		A06B14E51CBE14300081F077 /* Trump HoleTests.xctest */ = {isa = PBXFileReference; explicitFileType = wrapper.cfbundle; includeInIndex = 0; path = "Trump HoleTests.xctest"; sourceTree = BUILT_PRODUCTS_DIR; };
		A06B14E91CBE14300081F077 /* Trump_HoleTests.swift */ = {isa = PBXFileReference; lastKnownFileType = sourcecode.swift; path = Trump_HoleTests.swift; sourceTree = "<group>"; };
		A06B14EB1CBE14300081F077 /* Info.plist */ = {isa = PBXFileReference; lastKnownFileType = text.plist.xml; path = Info.plist; sourceTree = "<group>"; };
		A06B14F01CBE14300081F077 /* Trump HoleUITests.xctest */ = {isa = PBXFileReference; explicitFileType = wrapper.cfbundle; includeInIndex = 0; path = "Trump HoleUITests.xctest"; sourceTree = BUILT_PRODUCTS_DIR; };
		A06B14F41CBE14300081F077 /* Trump_HoleUITests.swift */ = {isa = PBXFileReference; lastKnownFileType = sourcecode.swift; path = Trump_HoleUITests.swift; sourceTree = "<group>"; };
		A06B14F61CBE14300081F077 /* Info.plist */ = {isa = PBXFileReference; lastKnownFileType = text.plist.xml; path = Info.plist; sourceTree = "<group>"; };
		A06B15041CBE178D0081F077 /* bringground.png */ = {isa = PBXFileReference; lastKnownFileType = image.png; path = bringground.png; sourceTree = "<group>"; };
		A06B15061CBE17BB0081F077 /* bringground1.png */ = {isa = PBXFileReference; lastKnownFileType = image.png; path = bringground1.png; sourceTree = "<group>"; };
		A06B15071CBE17BB0081F077 /* bringgroundstart.png */ = {isa = PBXFileReference; lastKnownFileType = image.png; path = bringgroundstart.png; sourceTree = "<group>"; };
		A06B15111CBF42230081F077 /* whitehouse.png */ = {isa = PBXFileReference; lastKnownFileType = image.png; path = whitehouse.png; sourceTree = "<group>"; };
		A06B15191CC42B8D0081F077 /* hilaryopenmouth1.png */ = {isa = PBXFileReference; lastKnownFileType = image.png; path = hilaryopenmouth1.png; sourceTree = "<group>"; };
		A06B151C1CC430730081F077 /* vote2.png */ = {isa = PBXFileReference; lastKnownFileType = image.png; path = vote2.png; sourceTree = "<group>"; };
/* End PBXFileReference section */

/* Begin PBXFrameworksBuildPhase section */
		A06B14CA1CBE142F0081F077 /* Frameworks */ = {
			isa = PBXFrameworksBuildPhase;
			buildActionMask = 2147483647;
			files = (
				A03190131CCAF19C00F2EFE7 /* GoogleMobileAds.framework in Frameworks */,
			);
			runOnlyForDeploymentPostprocessing = 0;
		};
		A06B14E21CBE14300081F077 /* Frameworks */ = {
			isa = PBXFrameworksBuildPhase;
			buildActionMask = 2147483647;
			files = (
			);
			runOnlyForDeploymentPostprocessing = 0;
		};
		A06B14ED1CBE14300081F077 /* Frameworks */ = {
			isa = PBXFrameworksBuildPhase;
			buildActionMask = 2147483647;
			files = (
			);
			runOnlyForDeploymentPostprocessing = 0;
		};
/* End PBXFrameworksBuildPhase section */

/* Begin PBXGroup section */
		A06B14C41CBE142F0081F077 = {
			isa = PBXGroup;
			children = (
				A03190121CCAF19C00F2EFE7 /* GoogleMobileAds.framework */,
				A06B14CF1CBE142F0081F077 /* Trump Hole */,
				A06B14E81CBE14300081F077 /* Trump HoleTests */,
				A06B14F31CBE14300081F077 /* Trump HoleUITests */,
				A06B14CE1CBE142F0081F077 /* Products */,
			);
			sourceTree = "<group>";
		};
		A06B14CE1CBE142F0081F077 /* Products */ = {
			isa = PBXGroup;
			children = (
				A06B14CD1CBE142F0081F077 /* Trump Hole.app */,
				A06B14E51CBE14300081F077 /* Trump HoleTests.xctest */,
				A06B14F01CBE14300081F077 /* Trump HoleUITests.xctest */,
			);
			name = Products;
			sourceTree = "<group>";
		};
		A06B14CF1CBE142F0081F077 /* Trump Hole */ = {
			isa = PBXGroup;
			children = (
				A06B14D01CBE142F0081F077 /* AppDelegate.swift */,
				A06B14D21CBE142F0081F077 /* GameScene.sks */,
				A06B14D41CBE142F0081F077 /* GameScene.swift */,
				A04F56C31CC47744002CF511 /* MenuScene.swift */,
				A03190201CCC0C2700F2EFE7 /* HowToScene.swift */,
				A06B14D61CBE142F0081F077 /* GameViewController.swift */,
				A06B14D81CBE142F0081F077 /* Main.storyboard */,
				A07C86A81DEBB813002BC654 /* Supporting Files */,
			);
			path = "Trump Hole";
			sourceTree = "<group>";
		};
		A06B14E81CBE14300081F077 /* Trump HoleTests */ = {
			isa = PBXGroup;
			children = (
				A06B14E91CBE14300081F077 /* Trump_HoleTests.swift */,
				A06B14EB1CBE14300081F077 /* Info.plist */,
			);
			path = "Trump HoleTests";
			sourceTree = "<group>";
		};
		A06B14F31CBE14300081F077 /* Trump HoleUITests */ = {
			isa = PBXGroup;
			children = (
				A06B14F41CBE14300081F077 /* Trump_HoleUITests.swift */,
				A06B14F61CBE14300081F077 /* Info.plist */,
			);
			path = "Trump HoleUITests";
			sourceTree = "<group>";
		};
		A07C86A81DEBB813002BC654 /* Supporting Files */ = {
			isa = PBXGroup;
			children = (
				A06B14E01CBE142F0081F077 /* Info.plist */,
				A06B14DB1CBE142F0081F077 /* Assets.xcassets */,
				A06B15061CBE17BB0081F077 /* bringground1.png */,
				A06B15071CBE17BB0081F077 /* bringgroundstart.png */,
				A06B14DD1CBE142F0081F077 /* LaunchScreen.storyboard */,
				A0318FE41CC49C3F00F2EFE7 /* replaybutton2.png */,
				A03190161CCC052F00F2EFE7 /* questionred.png */,
				A031902F1CD5202700F2EFE7 /* get_out_of_here2.mp3 */,
				A03190301CD5202700F2EFE7 /* we_want_deal!2.mp3 */,
				A03190311CD5202700F2EFE7 /* Im_really_rich2.mp3 */,
				A03190321CD5202700F2EFE7 /* were_going_to_make_america_great2.mp3 */,
				A03190331CD5202700F2EFE7 /* Okay2.mp3 */,
				A03190341CD5202700F2EFE7 /* Thank_you_darling2.mp3 */,
				A031902D1CD2C72100F2EFE7 /* Retro Comedy.mp3 */,
				A03190221CD194A900F2EFE7 /* return.png */,
				A031901E1CCC071E00F2EFE7 /* instructionalpage.png */,
				A03190171CCC052F00F2EFE7 /* leftred.png */,
				A03190241CD2B94E00F2EFE7 /* This is Hillary Clinton.mp3 */,
				A03190251CD2B94E00F2EFE7 /* Im exhausted.mp3 */,
				A03190261CD2B94E00F2EFE7 /* And I thank all of you.mp3 */,
				A03190271CD2B94E00F2EFE7 /* Every American gets a cup cake.mp3 */,
				A03190181CCC052F00F2EFE7 /* rightred.png */,
				A0318FE51CC49C3F00F2EFE7 /* menubutton.png */,
				A03190141CCBEC0F00F2EFE7 /* mainScreen1.png */,
				A0318FEA1CC5D99900F2EFE7 /* background.png */,
				A0318FEB1CC5D99900F2EFE7 /* trumpstanding1.png */,
				A0318FEC1CC5D99900F2EFE7 /* trumprunning1.png */,
				A0318FE81CC5B8FD00F2EFE7 /* menubutton2.png */,
				A0318FDA1CC48FD900F2EFE7 /* playButton1.PNG */,
				A04F56C51CC477EB002CF511 /* mainScreen.png */,
				A06B151C1CC430730081F077 /* vote2.png */,
				A06B15111CBF42230081F077 /* whitehouse.png */,
				A06B15041CBE178D0081F077 /* bringground.png */,
				A06B15191CC42B8D0081F077 /* hilaryopenmouth1.png */,
			);
			name = "Supporting Files";
			sourceTree = "<group>";
		};
/* End PBXGroup section */

/* Begin PBXNativeTarget section */
		A06B14CC1CBE142F0081F077 /* Trump Hole */ = {
			isa = PBXNativeTarget;
			buildConfigurationList = A06B14F91CBE14300081F077 /* Build configuration list for PBXNativeTarget "Trump Hole" */;
			buildPhases = (
				A06B14C91CBE142F0081F077 /* Sources */,
				A06B14CA1CBE142F0081F077 /* Frameworks */,
				A06B14CB1CBE142F0081F077 /* Resources */,
			);
			buildRules = (
			);
			dependencies = (
			);
			name = "Trump Hole";
			productName = "Trump Hole";
			productReference = A06B14CD1CBE142F0081F077 /* Trump Hole.app */;
			productType = "com.apple.product-type.application";
		};
		A06B14E41CBE14300081F077 /* Trump HoleTests */ = {
			isa = PBXNativeTarget;
			buildConfigurationList = A06B14FC1CBE14300081F077 /* Build configuration list for PBXNativeTarget "Trump HoleTests" */;
			buildPhases = (
				A06B14E11CBE14300081F077 /* Sources */,
				A06B14E21CBE14300081F077 /* Frameworks */,
				A06B14E31CBE14300081F077 /* Resources */,
			);
			buildRules = (
			);
			dependencies = (
				A06B14E71CBE14300081F077 /* PBXTargetDependency */,
			);
			name = "Trump HoleTests";
			productName = "Trump HoleTests";
			productReference = A06B14E51CBE14300081F077 /* Trump HoleTests.xctest */;
			productType = "com.apple.product-type.bundle.unit-test";
		};
		A06B14EF1CBE14300081F077 /* Trump HoleUITests */ = {
			isa = PBXNativeTarget;
			buildConfigurationList = A06B14FF1CBE14300081F077 /* Build configuration list for PBXNativeTarget "Trump HoleUITests" */;
			buildPhases = (
				A06B14EC1CBE14300081F077 /* Sources */,
				A06B14ED1CBE14300081F077 /* Frameworks */,
				A06B14EE1CBE14300081F077 /* Resources */,
			);
			buildRules = (
			);
			dependencies = (
				A06B14F21CBE14300081F077 /* PBXTargetDependency */,
			);
			name = "Trump HoleUITests";
			productName = "Trump HoleUITests";
			productReference = A06B14F01CBE14300081F077 /* Trump HoleUITests.xctest */;
			productType = "com.apple.product-type.bundle.ui-testing";
		};
/* End PBXNativeTarget section */

/* Begin PBXProject section */
		A06B14C51CBE142F0081F077 /* Project object */ = {
			isa = PBXProject;
			attributes = {
				LastSwiftUpdateCheck = 0730;
				LastUpgradeCheck = 0730;
				ORGANIZATIONNAME = "Luis Ramirez";
				TargetAttributes = {
					A06B14CC1CBE142F0081F077 = {
						CreatedOnToolsVersion = 7.3;
						DevelopmentTeam = H2MNK727G4;
						LastSwiftMigration = 0820;
					};
					A06B14E41CBE14300081F077 = {
						CreatedOnToolsVersion = 7.3;
						DevelopmentTeam = A8N7HPKFA6;
						LastSwiftMigration = 0820;
						TestTargetID = A06B14CC1CBE142F0081F077;
					};
					A06B14EF1CBE14300081F077 = {
						CreatedOnToolsVersion = 7.3;
						DevelopmentTeam = A8N7HPKFA6;
						LastSwiftMigration = 0820;
						TestTargetID = A06B14CC1CBE142F0081F077;
					};
				};
			};
			buildConfigurationList = A06B14C81CBE142F0081F077 /* Build configuration list for PBXProject "Trump Hole" */;
			compatibilityVersion = "Xcode 3.2";
			developmentRegion = English;
			hasScannedForEncodings = 0;
			knownRegions = (
				en,
				Base,
			);
			mainGroup = A06B14C41CBE142F0081F077;
			productRefGroup = A06B14CE1CBE142F0081F077 /* Products */;
			projectDirPath = "";
			projectRoot = "";
			targets = (
				A06B14CC1CBE142F0081F077 /* Trump Hole */,
				A06B14E41CBE14300081F077 /* Trump HoleTests */,
				A06B14EF1CBE14300081F077 /* Trump HoleUITests */,
			);
		};
/* End PBXProject section */

/* Begin PBXResourcesBuildPhase section */
		A06B14CB1CBE142F0081F077 /* Resources */ = {
			isa = PBXResourcesBuildPhase;
			buildActionMask = 2147483647;
			files = (
				A06B15151CBF42230081F077 /* whitehouse.png in Resources */,
				A03190151CCBEC0F00F2EFE7 /* mainScreen1.png in Resources */,
				A03190351CD5202700F2EFE7 /* get_out_of_here2.mp3 in Resources */,
				A03190281CD2B94E00F2EFE7 /* This is Hillary Clinton.mp3 in Resources */,
				A03190371CD5202700F2EFE7 /* Im_really_rich2.mp3 in Resources */,
				A06B14D31CBE142F0081F077 /* GameScene.sks in Resources */,
				A03190361CD5202700F2EFE7 /* we_want_deal!2.mp3 in Resources */,
				A06B14DF1CBE142F0081F077 /* LaunchScreen.storyboard in Resources */,
				A031902A1CD2B94E00F2EFE7 /* And I thank all of you.mp3 in Resources */,
				A031901A1CCC052F00F2EFE7 /* leftred.png in Resources */,
				A06B14DC1CBE142F0081F077 /* Assets.xcassets in Resources */,
				A0318FEF1CC5D99900F2EFE7 /* trumprunning1.png in Resources */,
				A0318FE91CC5B8FD00F2EFE7 /* menubutton2.png in Resources */,
				A06B151B1CC42B8D0081F077 /* hilaryopenmouth1.png in Resources */,
				A06B14DA1CBE142F0081F077 /* Main.storyboard in Resources */,
				A031902B1CD2B94E00F2EFE7 /* Every American gets a cup cake.mp3 in Resources */,
				A03190291CD2B94E00F2EFE7 /* Im exhausted.mp3 in Resources */,
				A06B15081CBE17BB0081F077 /* bringground1.png in Resources */,
				A0318FE71CC49C3F00F2EFE7 /* menubutton.png in Resources */,
				A03190191CCC052F00F2EFE7 /* questionred.png in Resources */,
				A04F56C61CC477EB002CF511 /* mainScreen.png in Resources */,
				A06B151D1CC430730081F077 /* vote2.png in Resources */,
				A031903A1CD5202700F2EFE7 /* Thank_you_darling2.mp3 in Resources */,
				A0318FDB1CC48FD900F2EFE7 /* playButton1.PNG in Resources */,
				A031901B1CCC052F00F2EFE7 /* rightred.png in Resources */,
				A03190391CD5202700F2EFE7 /* Okay2.mp3 in Resources */,
				A06B15091CBE17BB0081F077 /* bringgroundstart.png in Resources */,
				A06B15051CBE178D0081F077 /* bringground.png in Resources */,
				A03190381CD5202700F2EFE7 /* were_going_to_make_america_great2.mp3 in Resources */,
				A0318FED1CC5D99900F2EFE7 /* background.png in Resources */,
				A0318FEE1CC5D99900F2EFE7 /* trumpstanding1.png in Resources */,
				A031902E1CD2C72100F2EFE7 /* Retro Comedy.mp3 in Resources */,
				A0318FE61CC49C3F00F2EFE7 /* replaybutton2.png in Resources */,
				A031901F1CCC071E00F2EFE7 /* instructionalpage.png in Resources */,
				A03190231CD194A900F2EFE7 /* return.png in Resources */,
			);
			runOnlyForDeploymentPostprocessing = 0;
		};
		A06B14E31CBE14300081F077 /* Resources */ = {
			isa = PBXResourcesBuildPhase;
			buildActionMask = 2147483647;
			files = (
			);
			runOnlyForDeploymentPostprocessing = 0;
		};
		A06B14EE1CBE14300081F077 /* Resources */ = {
			isa = PBXResourcesBuildPhase;
			buildActionMask = 2147483647;
			files = (
			);
			runOnlyForDeploymentPostprocessing = 0;
		};
/* End PBXResourcesBuildPhase section */

/* Begin PBXSourcesBuildPhase section */
		A06B14C91CBE142F0081F077 /* Sources */ = {
			isa = PBXSourcesBuildPhase;
			buildActionMask = 2147483647;
			files = (
				A06B14D51CBE142F0081F077 /* GameScene.swift in Sources */,
				A04F56C41CC47744002CF511 /* MenuScene.swift in Sources */,
				A03190211CCC0C2700F2EFE7 /* HowToScene.swift in Sources */,
				A06B14D71CBE142F0081F077 /* GameViewController.swift in Sources */,
				A06B14D11CBE142F0081F077 /* AppDelegate.swift in Sources */,
			);
			runOnlyForDeploymentPostprocessing = 0;
		};
		A06B14E11CBE14300081F077 /* Sources */ = {
			isa = PBXSourcesBuildPhase;
			buildActionMask = 2147483647;
			files = (
				A06B14EA1CBE14300081F077 /* Trump_HoleTests.swift in Sources */,
			);
			runOnlyForDeploymentPostprocessing = 0;
		};
		A06B14EC1CBE14300081F077 /* Sources */ = {
			isa = PBXSourcesBuildPhase;
			buildActionMask = 2147483647;
			files = (
				A06B14F51CBE14300081F077 /* Trump_HoleUITests.swift in Sources */,
			);
			runOnlyForDeploymentPostprocessing = 0;
		};
/* End PBXSourcesBuildPhase section */

/* Begin PBXTargetDependency section */
		A06B14E71CBE14300081F077 /* PBXTargetDependency */ = {
			isa = PBXTargetDependency;
			target = A06B14CC1CBE142F0081F077 /* Trump Hole */;
			targetProxy = A06B14E61CBE14300081F077 /* PBXContainerItemProxy */;
		};
		A06B14F21CBE14300081F077 /* PBXTargetDependency */ = {
			isa = PBXTargetDependency;
			target = A06B14CC1CBE142F0081F077 /* Trump Hole */;
			targetProxy = A06B14F11CBE14300081F077 /* PBXContainerItemProxy */;
		};
/* End PBXTargetDependency section */

/* Begin PBXVariantGroup section */
		A06B14D81CBE142F0081F077 /* Main.storyboard */ = {
			isa = PBXVariantGroup;
			children = (
				A06B14D91CBE142F0081F077 /* Base */,
			);
			name = Main.storyboard;
			sourceTree = "<group>";
		};
		A06B14DD1CBE142F0081F077 /* LaunchScreen.storyboard */ = {
			isa = PBXVariantGroup;
			children = (
				A06B14DE1CBE142F0081F077 /* Base */,
			);
			name = LaunchScreen.storyboard;
			sourceTree = "<group>";
		};
/* End PBXVariantGroup section */

/* Begin XCBuildConfiguration section */
		A06B14F71CBE14300081F077 /* Debug */ = {
			isa = XCBuildConfiguration;
			buildSettings = {
				ALWAYS_SEARCH_USER_PATHS = NO;
				CLANG_ANALYZER_NONNULL = YES;
				CLANG_CXX_LANGUAGE_STANDARD = "gnu++0x";
				CLANG_CXX_LIBRARY = "libc++";
				CLANG_ENABLE_MODULES = YES;
				CLANG_ENABLE_OBJC_ARC = YES;
				CLANG_WARN_BOOL_CONVERSION = YES;
				CLANG_WARN_CONSTANT_CONVERSION = YES;
				CLANG_WARN_DIRECT_OBJC_ISA_USAGE = YES_ERROR;
				CLANG_WARN_EMPTY_BODY = YES;
				CLANG_WARN_ENUM_CONVERSION = YES;
				CLANG_WARN_INT_CONVERSION = YES;
				CLANG_WARN_OBJC_ROOT_CLASS = YES_ERROR;
				CLANG_WARN_UNREACHABLE_CODE = YES;
				CLANG_WARN__DUPLICATE_METHOD_MATCH = YES;
				"CODE_SIGN_IDENTITY[sdk=iphoneos*]" = "iPhone Developer";
				COPY_PHASE_STRIP = NO;
				DEBUG_INFORMATION_FORMAT = "dwarf-with-dsym";
				ENABLE_STRICT_OBJC_MSGSEND = YES;
				ENABLE_TESTABILITY = YES;
				GCC_C_LANGUAGE_STANDARD = gnu99;
				GCC_DYNAMIC_NO_PIC = NO;
				GCC_NO_COMMON_BLOCKS = YES;
				GCC_OPTIMIZATION_LEVEL = 0;
				GCC_PREPROCESSOR_DEFINITIONS = (
					"DEBUG=1",
					"$(inherited)",
				);
				GCC_WARN_64_TO_32_BIT_CONVERSION = YES;
				GCC_WARN_ABOUT_RETURN_TYPE = YES_ERROR;
				GCC_WARN_UNDECLARED_SELECTOR = YES;
				GCC_WARN_UNINITIALIZED_AUTOS = YES_AGGRESSIVE;
				GCC_WARN_UNUSED_FUNCTION = YES;
				GCC_WARN_UNUSED_VARIABLE = YES;
				IPHONEOS_DEPLOYMENT_TARGET = 9.3;
				MTL_ENABLE_DEBUG_INFO = YES;
				ONLY_ACTIVE_ARCH = YES;
				SDKROOT = iphoneos;
				SWIFT_OPTIMIZATION_LEVEL = "-Onone";
			};
			name = Debug;
		};
		A06B14F81CBE14300081F077 /* Release */ = {
			isa = XCBuildConfiguration;
			buildSettings = {
				ALWAYS_SEARCH_USER_PATHS = NO;
				CLANG_ANALYZER_NONNULL = YES;
				CLANG_CXX_LANGUAGE_STANDARD = "gnu++0x";
				CLANG_CXX_LIBRARY = "libc++";
				CLANG_ENABLE_MODULES = YES;
				CLANG_ENABLE_OBJC_ARC = YES;
				CLANG_WARN_BOOL_CONVERSION = YES;
				CLANG_WARN_CONSTANT_CONVERSION = YES;
				CLANG_WARN_DIRECT_OBJC_ISA_USAGE = YES_ERROR;
				CLANG_WARN_EMPTY_BODY = YES;
				CLANG_WARN_ENUM_CONVERSION = YES;
				CLANG_WARN_INT_CONVERSION = YES;
				CLANG_WARN_OBJC_ROOT_CLASS = YES_ERROR;
				CLANG_WARN_UNREACHABLE_CODE = YES;
				CLANG_WARN__DUPLICATE_METHOD_MATCH = YES;
				"CODE_SIGN_IDENTITY[sdk=iphoneos*]" = "iPhone Developer";
				COPY_PHASE_STRIP = NO;
				DEBUG_INFORMATION_FORMAT = "dwarf-with-dsym";
				ENABLE_NS_ASSERTIONS = NO;
				ENABLE_STRICT_OBJC_MSGSEND = YES;
				GCC_C_LANGUAGE_STANDARD = gnu99;
				GCC_NO_COMMON_BLOCKS = YES;
				GCC_WARN_64_TO_32_BIT_CONVERSION = YES;
				GCC_WARN_ABOUT_RETURN_TYPE = YES_ERROR;
				GCC_WARN_UNDECLARED_SELECTOR = YES;
				GCC_WARN_UNINITIALIZED_AUTOS = YES_AGGRESSIVE;
				GCC_WARN_UNUSED_FUNCTION = YES;
				GCC_WARN_UNUSED_VARIABLE = YES;
				IPHONEOS_DEPLOYMENT_TARGET = 9.3;
				MTL_ENABLE_DEBUG_INFO = NO;
				SDKROOT = iphoneos;
				VALIDATE_PRODUCT = YES;
			};
			name = Release;
		};
		A06B14FA1CBE14300081F077 /* Debug */ = {
			isa = XCBuildConfiguration;
			buildSettings = {
				ASSETCATALOG_COMPILER_APPICON_NAME = AppIcon;
				CODE_SIGN_IDENTITY = "iPhone Developer";
				"CODE_SIGN_IDENTITY[sdk=iphoneos*]" = "iPhone Developer";
				FRAMEWORK_SEARCH_PATHS = (
					"$(inherited)",
					"$(PROJECT_DIR)",
				);
				INFOPLIST_FILE = "Trump Hole/Info.plist";
				IPHONEOS_DEPLOYMENT_TARGET = 8.0;
				LD_RUNPATH_SEARCH_PATHS = "$(inherited) @executable_path/Frameworks";
				PRODUCT_BUNDLE_IDENTIFIER = "com.theramirez.Trump-Hole";
				PRODUCT_NAME = "$(TARGET_NAME)";
				PROVISIONING_PROFILE = "";
				SWIFT_VERSION = 3.0;
			};
			name = Debug;
		};
		A06B14FB1CBE14300081F077 /* Release */ = {
			isa = XCBuildConfiguration;
			buildSettings = {
				ASSETCATALOG_COMPILER_APPICON_NAME = AppIcon;
				CODE_SIGN_IDENTITY = "iPhone Developer";
				"CODE_SIGN_IDENTITY[sdk=iphoneos*]" = "iPhone Developer";
				FRAMEWORK_SEARCH_PATHS = (
					"$(inherited)",
					"$(PROJECT_DIR)",
				);
				INFOPLIST_FILE = "Trump Hole/Info.plist";
				IPHONEOS_DEPLOYMENT_TARGET = 8.0;
				LD_RUNPATH_SEARCH_PATHS = "$(inherited) @executable_path/Frameworks";
				PRODUCT_BUNDLE_IDENTIFIER = "com.theramirez.Trump-Hole";
				PRODUCT_NAME = "$(TARGET_NAME)";
				PROVISIONING_PROFILE = "";
				SWIFT_VERSION = 3.0;
			};
			name = Release;
		};
		A06B14FD1CBE14300081F077 /* Debug */ = {
			isa = XCBuildConfiguration;
			buildSettings = {
				BUNDLE_LOADER = "$(TEST_HOST)";
				DEBUG_INFORMATION_FORMAT = dwarf;
				INFOPLIST_FILE = "Trump HoleTests/Info.plist";
				LD_RUNPATH_SEARCH_PATHS = "$(inherited) @executable_path/Frameworks @loader_path/Frameworks";
				PRODUCT_BUNDLE_IDENTIFIER = "theramirez.Trump-HoleTests";
				PRODUCT_NAME = "$(TARGET_NAME)";
				SWIFT_VERSION = 3.0;
				TEST_HOST = "$(BUILT_PRODUCTS_DIR)/Trump Hole.app/Trump Hole";
			};
			name = Debug;
		};
		A06B14FE1CBE14300081F077 /* Release */ = {
			isa = XCBuildConfiguration;
			buildSettings = {
				BUNDLE_LOADER = "$(TEST_HOST)";
				INFOPLIST_FILE = "Trump HoleTests/Info.plist";
				LD_RUNPATH_SEARCH_PATHS = "$(inherited) @executable_path/Frameworks @loader_path/Frameworks";
				PRODUCT_BUNDLE_IDENTIFIER = "theramirez.Trump-HoleTests";
				PRODUCT_NAME = "$(TARGET_NAME)";
				SWIFT_VERSION = 3.0;
				TEST_HOST = "$(BUILT_PRODUCTS_DIR)/Trump Hole.app/Trump Hole";
			};
			name = Release;
		};
		A06B15001CBE14300081F077 /* Debug */ = {
			isa = XCBuildConfiguration;
			buildSettings = {
				"CODE_SIGN_ENTITLEMENTS[sdk=*]" = "";
				DEBUG_INFORMATION_FORMAT = dwarf;
				INFOPLIST_FILE = "Trump HoleUITests/Info.plist";
				LD_RUNPATH_SEARCH_PATHS = "$(inherited) @executable_path/Frameworks @loader_path/Frameworks";
				PRODUCT_BUNDLE_IDENTIFIER = "theramirez.Trump-HoleUITests";
				PRODUCT_NAME = "$(TARGET_NAME)";
				SWIFT_VERSION = 3.0;
				TEST_TARGET_NAME = "Trump Hole";
			};
			name = Debug;
		};
		A06B15011CBE14300081F077 /* Release */ = {
			isa = XCBuildConfiguration;
			buildSettings = {
				INFOPLIST_FILE = "Trump HoleUITests/Info.plist";
				LD_RUNPATH_SEARCH_PATHS = "$(inherited) @executable_path/Frameworks @loader_path/Frameworks";
				PRODUCT_BUNDLE_IDENTIFIER = "theramirez.Trump-HoleUITests";
				PRODUCT_NAME = "$(TARGET_NAME)";
				SWIFT_VERSION = 3.0;
				TEST_TARGET_NAME = "Trump Hole";
			};
			name = Release;
		};
/* End XCBuildConfiguration section */

/* Begin XCConfigurationList section */
		A06B14C81CBE142F0081F077 /* Build configuration list for PBXProject "Trump Hole" */ = {
			isa = XCConfigurationList;
			buildConfigurations = (
				A06B14F71CBE14300081F077 /* Debug */,
				A06B14F81CBE14300081F077 /* Release */,
			);
			defaultConfigurationIsVisible = 0;
			defaultConfigurationName = Release;
		};
		A06B14F91CBE14300081F077 /* Build configuration list for PBXNativeTarget "Trump Hole" */ = {
			isa = XCConfigurationList;
			buildConfigurations = (
				A06B14FA1CBE14300081F077 /* Debug */,
				A06B14FB1CBE14300081F077 /* Release */,
			);
			defaultConfigurationIsVisible = 0;
			defaultConfigurationName = Release;
		};
		A06B14FC1CBE14300081F077 /* Build configuration list for PBXNativeTarget "Trump HoleTests" */ = {
			isa = XCConfigurationList;
			buildConfigurations = (
				A06B14FD1CBE14300081F077 /* Debug */,
				A06B14FE1CBE14300081F077 /* Release */,
			);
			defaultConfigurationIsVisible = 0;
			defaultConfigurationName = Release;
		};
		A06B14FF1CBE14300081F077 /* Build configuration list for PBXNativeTarget "Trump HoleUITests" */ = {
			isa = XCConfigurationList;
			buildConfigurations = (
				A06B15001CBE14300081F077 /* Debug */,
				A06B15011CBE14300081F077 /* Release */,
			);
			defaultConfigurationIsVisible = 0;
			defaultConfigurationName = Release;
		};
/* End XCConfigurationList section */
	};
	rootObject = A06B14C51CBE142F0081F077 /* Project object */;
}
